# THIS IS AN AUTOGENERATED FILE. DO NOT EDIT THIS FILE DIRECTLY.
# yarn lockfile v1


deep-equal@^1.0.1:
  version "1.0.1"
  resolved "https://registry.yarnpkg.com/deep-equal/-/deep-equal-1.0.1.tgz#f5d260292b660e084eff4cdbc9f08ad3247448b5"

exenv@^1.2.1:
  version "1.2.2"
  resolved "https://registry.yarnpkg.com/exenv/-/exenv-1.2.2.tgz#2ae78e85d9894158670b03d47bec1f03bd91bb9d"

hoist-non-react-statics@^2.5.0:
  version "2.5.5"
  resolved "https://registry.yarnpkg.com/hoist-non-react-statics/-/hoist-non-react-statics-2.5.5.tgz#c5903cf409c0dfd908f388e619d86b9c1174cb47"

invariant@^2.0.0, invariant@^2.2.1:
  version "2.2.4"
  resolved "https://registry.yarnpkg.com/invariant/-/invariant-2.2.4.tgz#610f3c92c9359ce1db616e538008d23ff35158e6"
  dependencies:
    loose-envify "^1.0.0"

"js-tokens@^3.0.0 || ^4.0.0":
  version "4.0.0"
  resolved "https://registry.yarnpkg.com/js-tokens/-/js-tokens-4.0.0.tgz#19203fb59991df98e3a287050d4647cdeaf32499"

lodash-es@^4.17.5:
  version "4.17.11"
  resolved "https://registry.yarnpkg.com/lodash-es/-/lodash-es-4.17.11.tgz#145ab4a7ac5c5e52a3531fb4f310255a152b4be0"

lodash.camelcase@^4.3.0:
  version "4.3.0"
  resolved "https://registry.yarnpkg.com/lodash.camelcase/-/lodash.camelcase-4.3.0.tgz#b28aa6288a2b9fc651035c7711f65ab6190331a6"

lodash.curry@^4.1.1:
  version "4.1.1"
  resolved "https://registry.yarnpkg.com/lodash.curry/-/lodash.curry-4.1.1.tgz#248e36072ede906501d75966200a86dab8b23170"

lodash@^4.17.5:
  version "4.17.11"
  resolved "https://registry.yarnpkg.com/lodash/-/lodash-4.17.11.tgz#b39ea6229ef607ecd89e2c8df12536891cac9b8d"

loose-envify@^1.0.0, loose-envify@^1.1.0, loose-envify@^1.3.1:
  version "1.4.0"
  resolved "https://registry.yarnpkg.com/loose-envify/-/loose-envify-1.4.0.tgz#71ee51fa7be4caec1a63839f7e682d8132d30caf"
  dependencies:
    js-tokens "^3.0.0 || ^4.0.0"

object-assign@^4.1.1:
  version "4.1.1"
  resolved "https://registry.yarnpkg.com/object-assign/-/object-assign-4.1.1.tgz#2109adc7965887cfc05cbbd442cac8bfbb360863"

prop-types@^15.5.4, prop-types@^15.6.0:
  version "15.6.2"
  resolved "https://registry.yarnpkg.com/prop-types/-/prop-types-15.6.2.tgz#05d5ca77b4453e985d60fc7ff8c859094a497102"
  dependencies:
    loose-envify "^1.3.1"
    object-assign "^4.1.1"

react-helmet@^5.2.0:
  version "5.2.0"
  resolved "https://registry.yarnpkg.com/react-helmet/-/react-helmet-5.2.0.tgz#a81811df21313a6d55c5f058c4aeba5d6f3d97a7"
  dependencies:
    deep-equal "^1.0.1"
    object-assign "^4.1.1"
    prop-types "^15.5.4"
    react-side-effect "^1.1.0"

react-redux@^5.0.7:
  version "5.0.7"
  resolved "http://registry.npmjs.org/react-redux/-/react-redux-5.0.7.tgz#0dc1076d9afb4670f993ffaef44b8f8c1155a4c8"
  dependencies:
    hoist-non-react-statics "^2.5.0"
    invariant "^2.0.0"
    lodash "^4.17.5"
    lodash-es "^4.17.5"
    loose-envify "^1.1.0"
    prop-types "^15.6.0"

react-side-effect@^1.1.0:
  version "1.1.5"
  resolved "https://registry.yarnpkg.com/react-side-effect/-/react-side-effect-1.1.5.tgz#f26059e50ed9c626d91d661b9f3c8bb38cd0ff2d"
  dependencies:
    exenv "^1.2.1"
    shallowequal "^1.0.1"

reduce-reducers@^0.1.0:
  version "0.1.5"
  resolved "https://registry.yarnpkg.com/reduce-reducers/-/reduce-reducers-0.1.5.tgz#ff77ca8068ff41007319b8b4b91533c7e0e54576"

redux-actions@^2.6.1:
  version "2.6.1"
  resolved "https://registry.yarnpkg.com/redux-actions/-/redux-actions-2.6.1.tgz#42c06e94739fbe6db35db3605abb105bdb3724d8"
  dependencies:
    invariant "^2.2.1"
    lodash.camelcase "^4.3.0"
    lodash.curry "^4.1.1"
    reduce-reducers "^0.1.0"

redux@^4.0.0:
  version "4.0.0"
  resolved "https://registry.yarnpkg.com/redux/-/redux-4.0.0.tgz#aa698a92b729315d22b34a0553d7e6533555cc03"
  dependencies:
    loose-envify "^1.1.0"
    symbol-observable "^1.2.0"

shallowequal@^1.0.1:
  version "1.1.0"
  resolved "https://registry.yarnpkg.com/shallowequal/-/shallowequal-1.1.0.tgz#188d521de95b9087404fd4dcb68b13df0ae4e7f8"

symbol-observable@^1.2.0:
  version "1.2.0"
  resolved "https://registry.yarnpkg.com/symbol-observable/-/symbol-observable-1.2.0.tgz#c22688aed4eab3cdc2dfeacbb561660560a00804"
